
Microsoft Visual Studio Solution File, Format Version 12.00
# Visual Studio Version 17
VisualStudioVersion = 17.14.36429.23 d17.14
MinimumVisualStudioVersion = 10.0.40219.1
Project("{FAE04EC0-301F-11D3-BF4B-00C04F79EFBC}") = "SmartMart App EF", "SmartMart App EF.csproj", "{46974936-5399-486F-9F49-FAB79B8D2179}"
EndProject
Global
	GlobalSection(SolutionConfigurationPlatforms) = preSolution
		Debug|Any CPU = Debug|Any CPU
		Release|Any CPU = Release|Any CPU
	EndGlobalSection
	GlobalSection(ProjectConfigurationPlatforms) = postSolution
		{46974936-5399-486F-9F49-FAB79B8D2179}.Debug|Any CPU.ActiveCfg = Debug|Any CPU
		{46974936-5399-486F-9F49-FAB79B8D2179}.Debug|Any CPU.Build.0 = Debug|Any CPU
		{46974936-5399-486F-9F49-FAB79B8D2179}.Release|Any CPU.ActiveCfg = Release|Any CPU
		{46974936-5399-486F-9F49-FAB79B8D2179}.Release|Any CPU.Build.0 = Release|Any CPU
	EndGlobalSection
	GlobalSection(SolutionProperties) = preSolution
		HideSolutionNode = FALSE
	EndGlobalSection
	GlobalSection(ExtensibilityGlobals) = postSolution
		SolutionGuid = {957118D2-3194-4D4F-902D-252AC8F7A206}
	EndGlobalSection
EndGlobal
